// !$*UTF8*$!
{
	archiveVersion = 1;
	classes = {
	};
	objectVersion = 56;
	objects = {

/* Begin PBXBuildFile section */
		40B920942AF9F32F00330171 /* FetchRecipeApp.swift in Sources */ = {isa = PBXBuildFile; fileRef = 40B920932AF9F32F00330171 /* FetchRecipeApp.swift */; };
		40B920962AF9F32F00330171 /* ContentView.swift in Sources */ = {isa = PBXBuildFile; fileRef = 40B920952AF9F32F00330171 /* ContentView.swift */; };
		40B920982AF9F33000330171 /* Assets.xcassets in Resources */ = {isa = PBXBuildFile; fileRef = 40B920972AF9F33000330171 /* Assets.xcassets */; };
		40B9209B2AF9F33000330171 /* Preview Assets.xcassets in Resources */ = {isa = PBXBuildFile; fileRef = 40B9209A2AF9F33000330171 /* Preview Assets.xcassets */; };
		40B920A52AF9F33000330171 /* FetchRecipeTests.swift in Sources */ = {isa = PBXBuildFile; fileRef = 40B920A42AF9F33000330171 /* FetchRecipeTests.swift */; };
		40B920AF2AF9F33000330171 /* FetchRecipeUITests.swift in Sources */ = {isa = PBXBuildFile; fileRef = 40B920AE2AF9F33000330171 /* FetchRecipeUITests.swift */; };
		40B920B12AF9F33000330171 /* FetchRecipeUITestsLaunchTests.swift in Sources */ = {isa = PBXBuildFile; fileRef = 40B920B02AF9F33000330171 /* FetchRecipeUITestsLaunchTests.swift */; };
/* End PBXBuildFile section */

/* Begin PBXContainerItemProxy section */
		40B920A12AF9F33000330171 /* PBXContainerItemProxy */ = {
			isa = PBXContainerItemProxy;
			containerPortal = 40B920882AF9F32F00330171 /* Project object */;
			proxyType = 1;
			remoteGlobalIDString = 40B9208F2AF9F32F00330171;
			remoteInfo = FetchRecipe;
		};
		40B920AB2AF9F33000330171 /* PBXContainerItemProxy */ = {
			isa = PBXContainerItemProxy;
			containerPortal = 40B920882AF9F32F00330171 /* Project object */;
			proxyType = 1;
			remoteGlobalIDString = 40B9208F2AF9F32F00330171;
			remoteInfo = FetchRecipe;
		};
/* End PBXContainerItemProxy section */

/* Begin PBXFileReference section */
		40B920902AF9F32F00330171 /* FetchRecipe.app */ = {isa = PBXFileReference; explicitFileType = wrapper.application; includeInIndex = 0; path = FetchRecipe.app; sourceTree = BUILT_PRODUCTS_DIR; };
		40B920932AF9F32F00330171 /* FetchRecipeApp.swift */ = {isa = PBXFileReference; lastKnownFileType = sourcecode.swift; path = FetchRecipeApp.swift; sourceTree = "<group>"; };
		40B920952AF9F32F00330171 /* ContentView.swift */ = {isa = PBXFileReference; lastKnownFileType = sourcecode.swift; path = ContentView.swift; sourceTree = "<group>"; };
		40B920972AF9F33000330171 /* Assets.xcassets */ = {isa = PBXFileReference; lastKnownFileType = folder.assetcatalog; path = Assets.xcassets; sourceTree = "<group>"; };
		40B9209A2AF9F33000330171 /* Preview Assets.xcassets */ = {isa = PBXFileReference; lastKnownFileType = folder.assetcatalog; path = "Preview Assets.xcassets"; sourceTree = "<group>"; };
		40B920A02AF9F33000330171 /* FetchRecipeTests.xctest */ = {isa = PBXFileReference; explicitFileType = wrapper.cfbundle; includeInIndex = 0; path = FetchRecipeTests.xctest; sourceTree = BUILT_PRODUCTS_DIR; };
		40B920A42AF9F33000330171 /* FetchRecipeTests.swift */ = {isa = PBXFileReference; lastKnownFileType = sourcecode.swift; path = FetchRecipeTests.swift; sourceTree = "<group>"; };
		40B920AA2AF9F33000330171 /* FetchRecipeUITests.xctest */ = {isa = PBXFileReference; explicitFileType = wrapper.cfbundle; includeInIndex = 0; path = FetchRecipeUITests.xctest; sourceTree = BUILT_PRODUCTS_DIR; };
		40B920AE2AF9F33000330171 /* FetchRecipeUITests.swift */ = {isa = PBXFileReference; lastKnownFileType = sourcecode.swift; path = FetchRecipeUITests.swift; sourceTree = "<group>"; };
		40B920B02AF9F33000330171 /* FetchRecipeUITestsLaunchTests.swift */ = {isa = PBXFileReference; lastKnownFileType = sourcecode.swift; path = FetchRecipeUITestsLaunchTests.swift; sourceTree = "<group>"; };
/* End PBXFileReference section */

/* Begin PBXFrameworksBuildPhase section */
		40B9208D2AF9F32F00330171 /* Frameworks */ = {
			isa = PBXFrameworksBuildPhase;
			buildActionMask = 2147483647;
			files = (
			);
			runOnlyForDeploymentPostprocessing = 0;
		};
		40B9209D2AF9F33000330171 /* Frameworks */ = {
			isa = PBXFrameworksBuildPhase;
			buildActionMask = 2147483647;
			files = (
			);
			runOnlyForDeploymentPostprocessing = 0;
		};
		40B920A72AF9F33000330171 /* Frameworks */ = {
			isa = PBXFrameworksBuildPhase;
			buildActionMask = 2147483647;
			files = (
			);
			runOnlyForDeploymentPostprocessing = 0;
		};
/* End PBXFrameworksBuildPhase section */

/* Begin PBXGroup section */
		40B920872AF9F32F00330171 = {
			isa = PBXGroup;
			children = (
				40B920922AF9F32F00330171 /* FetchRecipe */,
				40B920A32AF9F33000330171 /* FetchRecipeTests */,
				40B920AD2AF9F33000330171 /* FetchRecipeUITests */,
				40B920912AF9F32F00330171 /* Products */,
			);
			sourceTree = "<group>";
		};
		40B920912AF9F32F00330171 /* Products */ = {
			isa = PBXGroup;
			children = (
				40B920902AF9F32F00330171 /* FetchRecipe.app */,
				40B920A02AF9F33000330171 /* FetchRecipeTests.xctest */,
				40B920AA2AF9F33000330171 /* FetchRecipeUITests.xctest */,
			);
			name = Products;
			sourceTree = "<group>";
		};
		40B920922AF9F32F00330171 /* FetchRecipe */ = {
			isa = PBXGroup;
			children = (
				40B920932AF9F32F00330171 /* FetchRecipeApp.swift */,
				40B920952AF9F32F00330171 /* ContentView.swift */,
				40B920972AF9F33000330171 /* Assets.xcassets */,
				40B920992AF9F33000330171 /* Preview Content */,
			);
			path = FetchRecipe;
			sourceTree = "<group>";
		};
		40B920992AF9F33000330171 /* Preview Content */ = {
			isa = PBXGroup;
			children = (
				40B9209A2AF9F33000330171 /* Preview Assets.xcassets */,
			);
			path = "Preview Content";
			sourceTree = "<group>";
		};
		40B920A32AF9F33000330171 /* FetchRecipeTests */ = {
			isa = PBXGroup;
			children = (
				40B920A42AF9F33000330171 /* FetchRecipeTests.swift */,
			);
			path = FetchRecipeTests;
			sourceTree = "<group>";
		};
		40B920AD2AF9F33000330171 /* FetchRecipeUITests */ = {
			isa = PBXGroup;
			children = (
				40B920AE2AF9F33000330171 /* FetchRecipeUITests.swift */,
				40B920B02AF9F33000330171 /* FetchRecipeUITestsLaunchTests.swift */,
			);
			path = FetchRecipeUITests;
			sourceTree = "<group>";
		};
/* End PBXGroup section */

/* Begin PBXNativeTarget section */
		40B9208F2AF9F32F00330171 /* FetchRecipe */ = {
			isa = PBXNativeTarget;
			buildConfigurationList = 40B920B42AF9F33000330171 /* Build configuration list for PBXNativeTarget "FetchRecipe" */;
			buildPhases = (
				40B9208C2AF9F32F00330171 /* Sources */,
				40B9208D2AF9F32F00330171 /* Frameworks */,
				40B9208E2AF9F32F00330171 /* Resources */,
			);
			buildRules = (
			);
			dependencies = (
			);
			name = FetchRecipe;
			productName = FetchRecipe;
			productReference = 40B920902AF9F32F00330171 /* FetchRecipe.app */;
			productType = "com.apple.product-type.application";
		};
		40B9209F2AF9F33000330171 /* FetchRecipeTests */ = {
			isa = PBXNativeTarget;
			buildConfigurationList = 40B920B72AF9F33000330171 /* Build configuration list for PBXNativeTarget "FetchRecipeTests" */;
			buildPhases = (
				40B9209C2AF9F33000330171 /* Sources */,
				40B9209D2AF9F33000330171 /* Frameworks */,
				40B9209E2AF9F33000330171 /* Resources */,
			);
			buildRules = (
			);
			dependencies = (
				40B920A22AF9F33000330171 /* PBXTargetDependency */,
			);
			name = FetchRecipeTests;
			productName = FetchRecipeTests;
			productReference = 40B920A02AF9F33000330171 /* FetchRecipeTests.xctest */;
			productType = "com.apple.product-type.bundle.unit-test";
		};
		40B920A92AF9F33000330171 /* FetchRecipeUITests */ = {
			isa = PBXNativeTarget;
			buildConfigurationList = 40B920BA2AF9F33000330171 /* Build configuration list for PBXNativeTarget "FetchRecipeUITests" */;
			buildPhases = (
				40B920A62AF9F33000330171 /* Sources */,
				40B920A72AF9F33000330171 /* Frameworks */,
				40B920A82AF9F33000330171 /* Resources */,
			);
			buildRules = (
			);
			dependencies = (
				40B920AC2AF9F33000330171 /* PBXTargetDependency */,
			);
			name = FetchRecipeUITests;
			productName = FetchRecipeUITests;
			productReference = 40B920AA2AF9F33000330171 /* FetchRecipeUITests.xctest */;
			productType = "com.apple.product-type.bundle.ui-testing";
		};
/* End PBXNativeTarget section */

/* Begin PBXProject section */
		40B920882AF9F32F00330171 /* Project object */ = {
			isa = PBXProject;
			attributes = {
				BuildIndependentTargetsInParallel = 1;
				LastSwiftUpdateCheck = 1430;
				LastUpgradeCheck = 1430;
				TargetAttributes = {
					40B9208F2AF9F32F00330171 = {
						CreatedOnToolsVersion = 14.3.1;
					};
					40B9209F2AF9F33000330171 = {
						CreatedOnToolsVersion = 14.3.1;
						TestTargetID = 40B9208F2AF9F32F00330171;
					};
					40B920A92AF9F33000330171 = {
						CreatedOnToolsVersion = 14.3.1;
						TestTargetID = 40B9208F2AF9F32F00330171;
					};
				};
			};
			buildConfigurationList = 40B9208B2AF9F32F00330171 /* Build configuration list for PBXProject "FetchRecipe" */;
			compatibilityVersion = "Xcode 14.0";
			developmentRegion = en;
			hasScannedForEncodings = 0;
			knownRegions = (
				en,
				Base,
			);
			mainGroup = 40B920872AF9F32F00330171;
			productRefGroup = 40B920912AF9F32F00330171 /* Products */;
			projectDirPath = "";
			projectRoot = "";
			targets = (
				40B9208F2AF9F32F00330171 /* FetchRecipe */,
				40B9209F2AF9F33000330171 /* FetchRecipeTests */,
				40B920A92AF9F33000330171 /* FetchRecipeUITests */,
			);
		};
/* End PBXProject section */

/* Begin PBXResourcesBuildPhase section */
		40B9208E2AF9F32F00330171 /* Resources */ = {
			isa = PBXResourcesBuildPhase;
			buildActionMask = 2147483647;
			files = (
				40B9209B2AF9F33000330171 /* Preview Assets.xcassets in Resources */,
				40B920982AF9F33000330171 /* Assets.xcassets in Resources */,
			);
			runOnlyForDeploymentPostprocessing = 0;
		};
		40B9209E2AF9F33000330171 /* Resources */ = {
			isa = PBXResourcesBuildPhase;
			buildActionMask = 2147483647;
			files = (
			);
			runOnlyForDeploymentPostprocessing = 0;
		};
		40B920A82AF9F33000330171 /* Resources */ = {
			isa = PBXResourcesBuildPhase;
			buildActionMask = 2147483647;
			files = (
			);
			runOnlyForDeploymentPostprocessing = 0;
		};
/* End PBXResourcesBuildPhase section */

/* Begin PBXSourcesBuildPhase section */
		40B9208C2AF9F32F00330171 /* Sources */ = {
			isa = PBXSourcesBuildPhase;
			buildActionMask = 2147483647;
			files = (
				40B920962AF9F32F00330171 /* ContentView.swift in Sources */,
				40B920942AF9F32F00330171 /* FetchRecipeApp.swift in Sources */,
			);
			runOnlyForDeploymentPostprocessing = 0;
		};
		40B9209C2AF9F33000330171 /* Sources */ = {
			isa = PBXSourcesBuildPhase;
			buildActionMask = 2147483647;
			files = (
				40B920A52AF9F33000330171 /* FetchRecipeTests.swift in Sources */,
			);
			runOnlyForDeploymentPostprocessing = 0;
		};
		40B920A62AF9F33000330171 /* Sources */ = {
			isa = PBXSourcesBuildPhase;
			buildActionMask = 2147483647;
			files = (
				40B920AF2AF9F33000330171 /* FetchRecipeUITests.swift in Sources */,
				40B920B12AF9F33000330171 /* FetchRecipeUITestsLaunchTests.swift in Sources */,
			);
			runOnlyForDeploymentPostprocessing = 0;
		};
/* End PBXSourcesBuildPhase section */

/* Begin PBXTargetDependency section */
		40B920A22AF9F33000330171 /* PBXTargetDependency */ = {
			isa = PBXTargetDependency;
			target = 40B9208F2AF9F32F00330171 /* FetchRecipe */;
			targetProxy = 40B920A12AF9F33000330171 /* PBXContainerItemProxy */;
		};
		40B920AC2AF9F33000330171 /* PBXTargetDependency */ = {
			isa = PBXTargetDependency;
			target = 40B9208F2AF9F32F00330171 /* FetchRecipe */;
			targetProxy = 40B920AB2AF9F33000330171 /* PBXContainerItemProxy */;
		};
/* End PBXTargetDependency section */

/* Begin XCBuildConfiguration section */
		40B920B22AF9F33000330171 /* Debug */ = {
			isa = XCBuildConfiguration;
			buildSettings = {
				ALWAYS_SEARCH_USER_PATHS = NO;
				CLANG_ANALYZER_NONNULL = YES;
				CLANG_ANALYZER_NUMBER_OBJECT_CONVERSION = YES_AGGRESSIVE;
				CLANG_CXX_LANGUAGE_STANDARD = "gnu++20";
				CLANG_ENABLE_MODULES = YES;
				CLANG_ENABLE_OBJC_ARC = YES;
				CLANG_ENABLE_OBJC_WEAK = YES;
				CLANG_WARN_BLOCK_CAPTURE_AUTORELEASING = YES;
				CLANG_WARN_BOOL_CONVERSION = YES;
				CLANG_WARN_COMMA = YES;
				CLANG_WARN_CONSTANT_CONVERSION = YES;
				CLANG_WARN_DEPRECATED_OBJC_IMPLEMENTATIONS = YES;
				CLANG_WARN_DIRECT_OBJC_ISA_USAGE = YES_ERROR;
				CLANG_WARN_DOCUMENTATION_COMMENTS = YES;
				CLANG_WARN_EMPTY_BODY = YES;
				CLANG_WARN_ENUM_CONVERSION = YES;
				CLANG_WARN_INFINITE_RECURSION = YES;
				CLANG_WARN_INT_CONVERSION = YES;
				CLANG_WARN_NON_LITERAL_NULL_CONVERSION = YES;
				CLANG_WARN_OBJC_IMPLICIT_RETAIN_SELF = YES;
				CLANG_WARN_OBJC_LITERAL_CONVERSION = YES;
				CLANG_WARN_OBJC_ROOT_CLASS = YES_ERROR;
				CLANG_WARN_QUOTED_INCLUDE_IN_FRAMEWORK_HEADER = YES;
				CLANG_WARN_RANGE_LOOP_ANALYSIS = YES;
				CLANG_WARN_STRICT_PROTOTYPES = YES;
				CLANG_WARN_SUSPICIOUS_MOVE = YES;
				CLANG_WARN_UNGUARDED_AVAILABILITY = YES_AGGRESSIVE;
				CLANG_WARN_UNREACHABLE_CODE = YES;
				CLANG_WARN__DUPLICATE_METHOD_MATCH = YES;
				COPY_PHASE_STRIP = NO;
				DEBUG_INFORMATION_FORMAT = dwarf;
				ENABLE_STRICT_OBJC_MSGSEND = YES;
				ENABLE_TESTABILITY = YES;
				GCC_C_LANGUAGE_STANDARD = gnu11;
				GCC_DYNAMIC_NO_PIC = NO;
				GCC_NO_COMMON_BLOCKS = YES;
				GCC_OPTIMIZATION_LEVEL = 0;
				GCC_PREPROCESSOR_DEFINITIONS = (
					"DEBUG=1",
					"$(inherited)",
				);
				GCC_WARN_64_TO_32_BIT_CONVERSION = YES;
				GCC_WARN_ABOUT_RETURN_TYPE = YES_ERROR;
				GCC_WARN_UNDECLARED_SELECTOR = YES;
				GCC_WARN_UNINITIALIZED_AUTOS = YES_AGGRESSIVE;
				GCC_WARN_UNUSED_FUNCTION = YES;
				GCC_WARN_UNUSED_VARIABLE = YES;
				IPHONEOS_DEPLOYMENT_TARGET = 16.4;
				MTL_ENABLE_DEBUG_INFO = INCLUDE_SOURCE;
				MTL_FAST_MATH = YES;
				ONLY_ACTIVE_ARCH = YES;
				SDKROOT = iphoneos;
				SWIFT_ACTIVE_COMPILATION_CONDITIONS = DEBUG;
				SWIFT_OPTIMIZATION_LEVEL = "-Onone";
			};
			name = Debug;
		};
		40B920B32AF9F33000330171 /* Release */ = {
			isa = XCBuildConfiguration;
			buildSettings = {
				ALWAYS_SEARCH_USER_PATHS = NO;
				CLANG_ANALYZER_NONNULL = YES;
				CLANG_ANALYZER_NUMBER_OBJECT_CONVERSION = YES_AGGRESSIVE;
				CLANG_CXX_LANGUAGE_STANDARD = "gnu++20";
				CLANG_ENABLE_MODULES = YES;
				CLANG_ENABLE_OBJC_ARC = YES;
				CLANG_ENABLE_OBJC_WEAK = YES;
				CLANG_WARN_BLOCK_CAPTURE_AUTORELEASING = YES;
				CLANG_WARN_BOOL_CONVERSION = YES;
				CLANG_WARN_COMMA = YES;
				CLANG_WARN_CONSTANT_CONVERSION = YES;
				CLANG_WARN_DEPRECATED_OBJC_IMPLEMENTATIONS = YES;
				CLANG_WARN_DIRECT_OBJC_ISA_USAGE = YES_ERROR;
				CLANG_WARN_DOCUMENTATION_COMMENTS = YES;
				CLANG_WARN_EMPTY_BODY = YES;
				CLANG_WARN_ENUM_CONVERSION = YES;
				CLANG_WARN_INFINITE_RECURSION = YES;
				CLANG_WARN_INT_CONVERSION = YES;
				CLANG_WARN_NON_LITERAL_NULL_CONVERSION = YES;
				CLANG_WARN_OBJC_IMPLICIT_RETAIN_SELF = YES;
				CLANG_WARN_OBJC_LITERAL_CONVERSION = YES;
				CLANG_WARN_OBJC_ROOT_CLASS = YES_ERROR;
				CLANG_WARN_QUOTED_INCLUDE_IN_FRAMEWORK_HEADER = YES;
				CLANG_WARN_RANGE_LOOP_ANALYSIS = YES;
				CLANG_WARN_STRICT_PROTOTYPES = YES;
				CLANG_WARN_SUSPICIOUS_MOVE = YES;
				CLANG_WARN_UNGUARDED_AVAILABILITY = YES_AGGRESSIVE;
				CLANG_WARN_UNREACHABLE_CODE = YES;
				CLANG_WARN__DUPLICATE_METHOD_MATCH = YES;
				COPY_PHASE_STRIP = NO;
				DEBUG_INFORMATION_FORMAT = "dwarf-with-dsym";
				ENABLE_NS_ASSERTIONS = NO;
				ENABLE_STRICT_OBJC_MSGSEND = YES;
				GCC_C_LANGUAGE_STANDARD = gnu11;
				GCC_NO_COMMON_BLOCKS = YES;
				GCC_WARN_64_TO_32_BIT_CONVERSION = YES;
				GCC_WARN_ABOUT_RETURN_TYPE = YES_ERROR;
				GCC_WARN_UNDECLARED_SELECTOR = YES;
				GCC_WARN_UNINITIALIZED_AUTOS = YES_AGGRESSIVE;
				GCC_WARN_UNUSED_FUNCTION = YES;
				GCC_WARN_UNUSED_VARIABLE = YES;
				IPHONEOS_DEPLOYMENT_TARGET = 16.4;
				MTL_ENABLE_DEBUG_INFO = NO;
				MTL_FAST_MATH = YES;
				SDKROOT = iphoneos;
				SWIFT_COMPILATION_MODE = wholemodule;
				SWIFT_OPTIMIZATION_LEVEL = "-O";
				VALIDATE_PRODUCT = YES;
			};
			name = Release;
		};
		40B920B52AF9F33000330171 /* Debug */ = {
			isa = XCBuildConfiguration;
			buildSettings = {
				ASSETCATALOG_COMPILER_APPICON_NAME = AppIcon;
				ASSETCATALOG_COMPILER_GLOBAL_ACCENT_COLOR_NAME = AccentColor;
				CODE_SIGN_STYLE = Automatic;
				CURRENT_PROJECT_VERSION = 1;
				DEVELOPMENT_ASSET_PATHS = "\"FetchRecipe/Preview Content\"";
				ENABLE_PREVIEWS = YES;
				GENERATE_INFOPLIST_FILE = YES;
				INFOPLIST_KEY_UIApplicationSceneManifest_Generation = YES;
				INFOPLIST_KEY_UIApplicationSupportsIndirectInputEvents = YES;
				INFOPLIST_KEY_UILaunchScreen_Generation = YES;
				INFOPLIST_KEY_UISupportedInterfaceOrientations_iPad = "UIInterfaceOrientationPortrait UIInterfaceOrientationPortraitUpsideDown UIInterfaceOrientationLandscapeLeft UIInterfaceOrientationLandscapeRight";
				INFOPLIST_KEY_UISupportedInterfaceOrientations_iPhone = "UIInterfaceOrientationPortrait UIInterfaceOrientationLandscapeLeft UIInterfaceOrientationLandscapeRight";
				LD_RUNPATH_SEARCH_PATHS = (
					"$(inherited)",
					"@executable_path/Frameworks",
				);
				MARKETING_VERSION = 1.0;
				PRODUCT_BUNDLE_IDENTIFIER = matthewraylee.github.FetchRecipe;
				PRODUCT_NAME = "$(TARGET_NAME)";
				SWIFT_EMIT_LOC_STRINGS = YES;
				SWIFT_VERSION = 5.0;
				TARGETED_DEVICE_FAMILY = "1,2";
			};
			name = Debug;
		};
		40B920B62AF9F33000330171 /* Release */ = {
			isa = XCBuildConfiguration;
			buildSettings = {
				ASSETCATALOG_COMPILER_APPICON_NAME = AppIcon;
				ASSETCATALOG_COMPILER_GLOBAL_ACCENT_COLOR_NAME = AccentColor;
				CODE_SIGN_STYLE = Automatic;
				CURRENT_PROJECT_VERSION = 1;
				DEVELOPMENT_ASSET_PATHS = "\"FetchRecipe/Preview Content\"";
				ENABLE_PREVIEWS = YES;
				GENERATE_INFOPLIST_FILE = YES;
				INFOPLIST_KEY_UIApplicationSceneManifest_Generation = YES;
				INFOPLIST_KEY_UIApplicationSupportsIndirectInputEvents = YES;
				INFOPLIST_KEY_UILaunchScreen_Generation = YES;
				INFOPLIST_KEY_UISupportedInterfaceOrientations_iPad = "UIInterfaceOrientationPortrait UIInterfaceOrientationPortraitUpsideDown UIInterfaceOrientationLandscapeLeft UIInterfaceOrientationLandscapeRight";
				INFOPLIST_KEY_UISupportedInterfaceOrientations_iPhone = "UIInterfaceOrientationPortrait UIInterfaceOrientationLandscapeLeft UIInterfaceOrientationLandscapeRight";
				LD_RUNPATH_SEARCH_PATHS = (
					"$(inherited)",
					"@executable_path/Frameworks",
				);
				MARKETING_VERSION = 1.0;
				PRODUCT_BUNDLE_IDENTIFIER = matthewraylee.github.FetchRecipe;
				PRODUCT_NAME = "$(TARGET_NAME)";
				SWIFT_EMIT_LOC_STRINGS = YES;
				SWIFT_VERSION = 5.0;
				TARGETED_DEVICE_FAMILY = "1,2";
			};
			name = Release;
		};
		40B920B82AF9F33000330171 /* Debug */ = {
			isa = XCBuildConfiguration;
			buildSettings = {
				ALWAYS_EMBED_SWIFT_STANDARD_LIBRARIES = YES;
				BUNDLE_LOADER = "$(TEST_HOST)";
				CODE_SIGN_STYLE = Automatic;
				CURRENT_PROJECT_VERSION = 1;
				GENERATE_INFOPLIST_FILE = YES;
				IPHONEOS_DEPLOYMENT_TARGET = 16.4;
				MARKETING_VERSION = 1.0;
				PRODUCT_BUNDLE_IDENTIFIER = matthewraylee.github.FetchRecipeTests;
				PRODUCT_NAME = "$(TARGET_NAME)";
				SWIFT_EMIT_LOC_STRINGS = NO;
				SWIFT_VERSION = 5.0;
				TARGETED_DEVICE_FAMILY = "1,2";
				TEST_HOST = "$(BUILT_PRODUCTS_DIR)/FetchRecipe.app/$(BUNDLE_EXECUTABLE_FOLDER_PATH)/FetchRecipe";
			};
			name = Debug;
		};
		40B920B92AF9F33000330171 /* Release */ = {
			isa = XCBuildConfiguration;
			buildSettings = {
				ALWAYS_EMBED_SWIFT_STANDARD_LIBRARIES = YES;
				BUNDLE_LOADER = "$(TEST_HOST)";
				CODE_SIGN_STYLE = Automatic;
				CURRENT_PROJECT_VERSION = 1;
				GENERATE_INFOPLIST_FILE = YES;
				IPHONEOS_DEPLOYMENT_TARGET = 16.4;
				MARKETING_VERSION = 1.0;
				PRODUCT_BUNDLE_IDENTIFIER = matthewraylee.github.FetchRecipeTests;
				PRODUCT_NAME = "$(TARGET_NAME)";
				SWIFT_EMIT_LOC_STRINGS = NO;
				SWIFT_VERSION = 5.0;
				TARGETED_DEVICE_FAMILY = "1,2";
				TEST_HOST = "$(BUILT_PRODUCTS_DIR)/FetchRecipe.app/$(BUNDLE_EXECUTABLE_FOLDER_PATH)/FetchRecipe";
			};
			name = Release;
		};
		40B920BB2AF9F33000330171 /* Debug */ = {
			isa = XCBuildConfiguration;
			buildSettings = {
				ALWAYS_EMBED_SWIFT_STANDARD_LIBRARIES = YES;
				CODE_SIGN_STYLE = Automatic;
				CURRENT_PROJECT_VERSION = 1;
				GENERATE_INFOPLIST_FILE = YES;
				MARKETING_VERSION = 1.0;
				PRODUCT_BUNDLE_IDENTIFIER = matthewraylee.github.FetchRecipeUITests;
				PRODUCT_NAME = "$(TARGET_NAME)";
				SWIFT_EMIT_LOC_STRINGS = NO;
				SWIFT_VERSION = 5.0;
				TARGETED_DEVICE_FAMILY = "1,2";
				TEST_TARGET_NAME = FetchRecipe;
			};
			name = Debug;
		};
		40B920BC2AF9F33000330171 /* Release */ = {
			isa = XCBuildConfiguration;
			buildSettings = {
				ALWAYS_EMBED_SWIFT_STANDARD_LIBRARIES = YES;
				CODE_SIGN_STYLE = Automatic;
				CURRENT_PROJECT_VERSION = 1;
				GENERATE_INFOPLIST_FILE = YES;
				MARKETING_VERSION = 1.0;
				PRODUCT_BUNDLE_IDENTIFIER = matthewraylee.github.FetchRecipeUITests;
				PRODUCT_NAME = "$(TARGET_NAME)";
				SWIFT_EMIT_LOC_STRINGS = NO;
				SWIFT_VERSION = 5.0;
				TARGETED_DEVICE_FAMILY = "1,2";
				TEST_TARGET_NAME = FetchRecipe;
			};
			name = Release;
		};
/* End XCBuildConfiguration section */

/* Begin XCConfigurationList section */
		40B9208B2AF9F32F00330171 /* Build configuration list for PBXProject "FetchRecipe" */ = {
			isa = XCConfigurationList;
			buildConfigurations = (
				40B920B22AF9F33000330171 /* Debug */,
				40B920B32AF9F33000330171 /* Release */,
			);
			defaultConfigurationIsVisible = 0;
			defaultConfigurationName = Release;
		};
		40B920B42AF9F33000330171 /* Build configuration list for PBXNativeTarget "FetchRecipe" */ = {
			isa = XCConfigurationList;
			buildConfigurations = (
				40B920B52AF9F33000330171 /* Debug */,
				40B920B62AF9F33000330171 /* Release */,
			);
			defaultConfigurationIsVisible = 0;
			defaultConfigurationName = Release;
		};
		40B920B72AF9F33000330171 /* Build configuration list for PBXNativeTarget "FetchRecipeTests" */ = {
			isa = XCConfigurationList;
			buildConfigurations = (
				40B920B82AF9F33000330171 /* Debug */,
				40B920B92AF9F33000330171 /* Release */,
			);
			defaultConfigurationIsVisible = 0;
			defaultConfigurationName = Release;
		};
		40B920BA2AF9F33000330171 /* Build configuration list for PBXNativeTarget "FetchRecipeUITests" */ = {
			isa = XCConfigurationList;
			buildConfigurations = (
				40B920BB2AF9F33000330171 /* Debug */,
				40B920BC2AF9F33000330171 /* Release */,
			);
			defaultConfigurationIsVisible = 0;
			defaultConfigurationName = Release;
		};
/* End XCConfigurationList section */
	};
	rootObject = 40B920882AF9F32F00330171 /* Project object */;
}
